{
  "name": "default-envs-deom",
  "version": "0.0.1",
  "lockfileVersion": 2,
  "requires": true,
  "packages": {
    "": {
      "name": "default-envs-deom",
      "version": "0.0.1",
      "license": "MIT",
      "dependencies": {
        "@kth/default-envs": "^0.0.44"
      },
      "engines": {
        "node": "^16"
      }
    },
    "node_modules/@kth/default-envs": {
      "version": "0.0.44",
      "resolved": "https://registry.npmjs.org/@kth/default-envs/-/default-envs-0.0.44.tgz",
      "integrity": "sha512-ZZJCK5kQsogzaCuZL7aa0KbqS0HY40jDPT6ROs4FqkQX3eqe3PsVmEIZTsNpk/ULbk9ddbymATuv8hKvpO4Gbg==",
      "engines": {
        "node": "^16"
      }
    }
  },
  "dependencies": {
    "@kth/default-envs": {
      "version": "0.0.44",
      "resolved": "https://registry.npmjs.org/@kth/default-envs/-/default-envs-0.0.44.tgz",
      "integrity": "sha512-ZZJCK5kQsogzaCuZL7aa0KbqS0HY40jDPT6ROs4FqkQX3eqe3PsVmEIZTsNpk/ULbk9ddbymATuv8hKvpO4Gbg=="
    }
  }
}
