{
  "name": "default-envs-demo",
  "version": "0.0.1",
  "lockfileVersion": 2,
  "requires": true,
  "packages": {
    "": {
      "name": "default-envs-demo",
      "version": "0.0.1",
      "license": "MIT",
      "dependencies": {
        "@kth/default-envs": "^0.0.45"
      },
      "engines": {
        "node": "^16"
      }
    },
    "node_modules/@kth/default-envs": {
      "version": "0.0.45",
      "resolved": "https://registry.npmjs.org/@kth/default-envs/-/default-envs-0.0.45.tgz",
      "integrity": "sha512-2MECYLT3yGHqBPCrbQEQIPYersaEGYhGQ/IFn27c5uCZxKJs1GHdy7oLTMWIdLCqQwDTjHoYiwbh2TCGMiORjQ==",
      "engines": {
        "node": "^16"
      }
    }
  },
  "dependencies": {
    "@kth/default-envs": {
      "version": "0.0.45",
      "resolved": "https://registry.npmjs.org/@kth/default-envs/-/default-envs-0.0.45.tgz",
      "integrity": "sha512-2MECYLT3yGHqBPCrbQEQIPYersaEGYhGQ/IFn27c5uCZxKJs1GHdy7oLTMWIdLCqQwDTjHoYiwbh2TCGMiORjQ=="
    }
  }
}
